
Microsoft Visual Studio Solution File, Format Version 12.00
# Visual Studio Version 17
VisualStudioVersion = 17.0.32126.317
MinimumVisualStudioVersion = 10.0.40219.1
Project("{FAE04EC0-301F-11D3-BF4B-00C04F79EFBC}") = "numbers-to-words", "numbers-to-words.csproj", "{B9C7BC07-AB70-4522-8019-16038EFD189E}"
EndProject
Global
	GlobalSection(SolutionConfigurationPlatforms) = preSolution
		Debug|Any CPU = Debug|Any CPU
		Release|Any CPU = Release|Any CPU
	EndGlobalSection
	GlobalSection(ProjectConfigurationPlatforms) = postSolution
		{B9C7BC07-AB70-4522-8019-16038EFD189E}.Debug|Any CPU.ActiveCfg = Debug|Any CPU
		{B9C7BC07-AB70-4522-8019-16038EFD189E}.Debug|Any CPU.Build.0 = Debug|Any CPU
		{B9C7BC07-AB70-4522-8019-16038EFD189E}.Release|Any CPU.ActiveCfg = Release|Any CPU
		{B9C7BC07-AB70-4522-8019-16038EFD189E}.Release|Any CPU.Build.0 = Release|Any CPU
	EndGlobalSection
	GlobalSection(SolutionProperties) = preSolution
		HideSolutionNode = FALSE
	EndGlobalSection
	GlobalSection(ExtensibilityGlobals) = postSolution
		SolutionGuid = {35413381-BD71-4530-89F3-267EA94FD7B0}
	EndGlobalSection
EndGlobal
